{"version":4,"terraform_version":"1.10.0","serial":13,"lineage":"0ddbbe93-7f52-e438-7c64-9652bd9029e8","outputs":{},"resources":[{"mode":"managed","type":"github_repository","name":"php_guzzle_metrics_middleware","provider":"provider[\"registry.opentofu.org/integrations/github\"]","instances":[{"schema_version":1,"attributes":{"allow_auto_merge":false,"allow_forking":null,"allow_merge_commit":true,"allow_rebase_merge":true,"allow_squash_merge":true,"allow_update_branch":false,"archive_on_destroy":null,"archived":false,"auto_init":false,"default_branch":"main","delete_branch_on_merge":false,"description":"A Guzzle HTTP client middleware that measures the duration of requests.","etag":"W/\"aba93fbe52771c3e35b3de90801bfb8e19b5329b397cc1eb9682199986f9f93b\"","fork":null,"full_name":"morawskim/guzzle-metrics-middleware","git_clone_url":"git://github.com/morawskim/guzzle-metrics-middleware.git","gitignore_template":null,"has_discussions":false,"has_downloads":false,"has_issues":false,"has_projects":false,"has_wiki":false,"homepage_url":"","html_url":"https://github.com/morawskim/guzzle-metrics-middleware","http_clone_url":"https://github.com/morawskim/guzzle-metrics-middleware.git","id":"guzzle-metrics-middleware","ignore_vulnerability_alerts_during_read":null,"is_template":false,"license_template":null,"merge_commit_message":"PR_TITLE","merge_commit_title":"MERGE_MESSAGE","name":"guzzle-metrics-middleware","node_id":"R_kgDOTPK7BA","pages":[],"primary_language":null,"private":false,"repo_id":1290976004,"security_and_analysis":[{"advanced_security":[],"code_security":[],"secret_scanning":[{"status":"enabled"}],"secret_scanning_ai_detection":[],"secret_scanning_non_provider_patterns":[],"secret_scanning_push_protection":[{"status":"enabled"}]}],"source_owner":null,"source_repo":null,"squash_merge_commit_message":"COMMIT_MESSAGES","squash_merge_commit_title":"COMMIT_OR_PR_TITLE","ssh_clone_url":"git@github.com:morawskim/guzzle-metrics-middleware.git","svn_url":"https://github.com/morawskim/guzzle-metrics-middleware","template":[],"topics":["guzzle","guzzle-middleware","guzzlehttp","prometheus-metrics"],"visibility":"public","vulnerability_alerts":false,"web_commit_signoff_required":null},"sensitive_attributes":[],"private":"eyJzY2hlbWFfdmVyc2lvbiI6IjEifQ=="}]},{"mode":"managed","type":"github_repository","name":"php_profiler","provider":"provider[\"registry.opentofu.org/integrations/github\"]","instances":[{"schema_version":1,"attributes":{"allow_auto_merge":false,"allow_forking":null,"allow_merge_commit":true,"allow_rebase_merge":true,"allow_squash_merge":true,"allow_update_branch":false,"archive_on_destroy":null,"archived":false,"auto_init":null,"default_branch":"main","delete_branch_on_merge":false,"description":"[READ-ONLY] PHP Profiler","etag":"W/\"d97f004942326fc746bd14b6dd841c4a01438fd3b6660596923f11fd21479514\"","fork":null,"full_name":"morawskim/php-profiler","git_clone_url":"git://github.com/morawskim/php-profiler.git","gitignore_template":null,"has_discussions":false,"has_downloads":false,"has_issues":false,"has_projects":false,"has_wiki":false,"homepage_url":"","html_url":"https://github.com/morawskim/php-profiler","http_clone_url":"https://github.com/morawskim/php-profiler.git","id":"php-profiler","ignore_vulnerability_alerts_during_read":null,"is_template":false,"license_template":null,"merge_commit_message":"PR_TITLE","merge_commit_title":"MERGE_MESSAGE","name":"php-profiler","node_id":"R_kgDOJU2IUw","pages":[],"primary_language":null,"private":false,"repo_id":625838163,"security_and_analysis":[{"advanced_security":[],"code_security":[],"secret_scanning":[{"status":"disabled"}],"secret_scanning_ai_detection":[],"secret_scanning_non_provider_patterns":[],"secret_scanning_push_protection":[{"status":"disabled"}]}],"source_owner":null,"source_repo":null,"squash_merge_commit_message":"COMMIT_MESSAGES","squash_merge_commit_title":"COMMIT_OR_PR_TITLE","ssh_clone_url":"git@github.com:morawskim/php-profiler.git","svn_url":"https://github.com/morawskim/php-profiler","template":[],"topics":[],"visibility":"public","vulnerability_alerts":false,"web_commit_signoff_required":null},"sensitive_attributes":[],"private":"eyJzY2hlbWFfdmVyc2lvbiI6IjEifQ=="}]},{"mode":"managed","type":"github_repository","name":"php_profiler_cli","provider":"provider[\"registry.opentofu.org/integrations/github\"]","instances":[{"schema_version":1,"attributes":{"allow_auto_merge":false,"allow_forking":null,"allow_merge_commit":true,"allow_rebase_merge":true,"allow_squash_merge":true,"allow_update_branch":false,"archive_on_destroy":null,"archived":false,"auto_init":null,"default_branch":"main","delete_branch_on_merge":false,"description":"[READ-ONLY] PHP Profiler CLI","etag":"W/\"29b677cc1e23207438ec0a02f743c324423589a21fbdca9bc3db29d84a8ef765\"","fork":null,"full_name":"morawskim/php-profiler-cli","git_clone_url":"git://github.com/morawskim/php-profiler-cli.git","gitignore_template":null,"has_discussions":false,"has_downloads":false,"has_issues":false,"has_projects":false,"has_wiki":false,"homepage_url":"","html_url":"https://github.com/morawskim/php-profiler-cli","http_clone_url":"https://github.com/morawskim/php-profiler-cli.git","id":"php-profiler-cli","ignore_vulnerability_alerts_during_read":null,"is_template":false,"license_template":null,"merge_commit_message":"PR_TITLE","merge_commit_title":"MERGE_MESSAGE","name":"php-profiler-cli","node_id":"R_kgDOJU0hNg","pages":[],"primary_language":null,"private":false,"repo_id":625811766,"security_and_analysis":[{"advanced_security":[],"code_security":[],"secret_scanning":[{"status":"disabled"}],"secret_scanning_ai_detection":[],"secret_scanning_non_provider_patterns":[],"secret_scanning_push_protection":[{"status":"disabled"}]}],"source_owner":null,"source_repo":null,"squash_merge_commit_message":"COMMIT_MESSAGES","squash_merge_commit_title":"COMMIT_OR_PR_TITLE","ssh_clone_url":"git@github.com:morawskim/php-profiler-cli.git","svn_url":"https://github.com/morawskim/php-profiler-cli","template":[],"topics":[],"visibility":"public","vulnerability_alerts":false,"web_commit_signoff_required":null},"sensitive_attributes":[],"private":"eyJzY2hlbWFfdmVyc2lvbiI6IjEifQ=="}]}],"check_results":null}
