{
  "version": 4,
  "terraform_version": "0.14.7",
  "serial": 67,
  "lineage": "1fed7c6f-5ff5-1c14-92ce-eb650a18583d",
  "outputs": {},
  "resources": [
    {
      "mode": "data",
      "type": "template_file",
      "name": "user_data",
      "provider": "provider[\"registry.terraform.io/hashicorp/template\"]",
      "instances": [
        {
          "schema_version": 0,
          "attributes": {
            "filename": null,
            "id": "80c3105d136f946ab4a88721b53f96b3c4652251baef59dc299f09403da66694",
            "rendered": "#cloud-config\n# vim: syntax=yaml\n#\n# ***********************\n# \t---- for more examples look at: ------\n# ---\u003e https://cloudinit.readthedocs.io/en/latest/topics/examples.html\n# ******************************\n#\n# This is the configuration syntax that the write_files module\n# will know how to understand. encoding can be given b64 or gzip or (gz+b64).\n# The content will be decoded accordingly and then written to the path that is\n# provided.\n#\n# Note: Content strings here are truncated for example purposes.\nssh_pwauth: false\ndisable_root: true\n\nusers:\n  - name: ubuntu\n    ssh_authorized_keys:\n      - ssh-rsa AAAAB3NzaC1yc2EAAAADAQABAAABAQDZpPxCj3WW031TTVkxI520OwqNsXccG5Lg1QC8QBBzO/RnTmyLZHccOOjebhKsrvsKqhdh2VkKBOw5gTPeFAUIE4ucdp+m6Ku8vDPNqEHu2V9JXIiqgyPnuFVN1RtGskCYc4ivFBgLiWdmw8w83xpfM9Vet//+xetDWYIAyUBbMF00K6Jl8UK4dpaQfAcM8YHPZDqxYZfJitRHxa/MeQb3WJwCtV/Yq8ne49LqJAzGuflIsPfQF9VQ0hJt2q4r7vzufy4KvyPQOl40z1r4lKtwFZo1hgBMHxcGWpxS5hRB+5x+clqoGePxB9vTxjfMYh0mMXn7KTb8cVHlSJ5JDnOV marcin@morawskim.pl\n    sudo: ['ALL=(ALL) NOPASSWD:ALL']\n    shell: /bin/bash\n    #groups: wheel\n\ngrowpart:\n  mode: auto\n  devices: ['/']\n",
            "template": "#cloud-config\n# vim: syntax=yaml\n#\n# ***********************\n# \t---- for more examples look at: ------\n# ---\u003e https://cloudinit.readthedocs.io/en/latest/topics/examples.html\n# ******************************\n#\n# This is the configuration syntax that the write_files module\n# will know how to understand. encoding can be given b64 or gzip or (gz+b64).\n# The content will be decoded accordingly and then written to the path that is\n# provided.\n#\n# Note: Content strings here are truncated for example purposes.\nssh_pwauth: false\ndisable_root: true\n\nusers:\n  - name: ubuntu\n    ssh_authorized_keys:\n      - ssh-rsa AAAAB3NzaC1yc2EAAAADAQABAAABAQDZpPxCj3WW031TTVkxI520OwqNsXccG5Lg1QC8QBBzO/RnTmyLZHccOOjebhKsrvsKqhdh2VkKBOw5gTPeFAUIE4ucdp+m6Ku8vDPNqEHu2V9JXIiqgyPnuFVN1RtGskCYc4ivFBgLiWdmw8w83xpfM9Vet//+xetDWYIAyUBbMF00K6Jl8UK4dpaQfAcM8YHPZDqxYZfJitRHxa/MeQb3WJwCtV/Yq8ne49LqJAzGuflIsPfQF9VQ0hJt2q4r7vzufy4KvyPQOl40z1r4lKtwFZo1hgBMHxcGWpxS5hRB+5x+clqoGePxB9vTxjfMYh0mMXn7KTb8cVHlSJ5JDnOV marcin@morawskim.pl\n    sudo: ['ALL=(ALL) NOPASSWD:ALL']\n    shell: /bin/bash\n    #groups: wheel\n\ngrowpart:\n  mode: auto\n  devices: ['/']\n",
            "vars": null
          },
          "sensitive_attributes": []
        }
      ]
    },
    {
      "mode": "managed",
      "type": "libvirt_cloudinit_disk",
      "name": "commoninit",
      "provider": "provider[\"registry.terraform.io/dmacvicar/libvirt\"]",
      "instances": [
        {
          "schema_version": 0,
          "attributes": {
            "id": "/var/lib/libvirt/images/commoninit-docker.iso;61990233-27c4-5eef-0e3d-ab68aaa40efa",
            "meta_data": "",
            "name": "commoninit-docker.iso",
            "network_config": "",
            "pool": "default",
            "user_data": "#cloud-config\n# vim: syntax=yaml\n#\n# ***********************\n# \t---- for more examples look at: ------\n# ---\u003e https://cloudinit.readthedocs.io/en/latest/topics/examples.html\n# ******************************\n#\n# This is the configuration syntax that the write_files module\n# will know how to understand. encoding can be given b64 or gzip or (gz+b64).\n# The content will be decoded accordingly and then written to the path that is\n# provided.\n#\n# Note: Content strings here are truncated for example purposes.\nssh_pwauth: false\ndisable_root: true\n\nusers:\n  - name: ubuntu\n    ssh_authorized_keys:\n      - ssh-rsa AAAAB3NzaC1yc2EAAAADAQABAAABAQDZpPxCj3WW031TTVkxI520OwqNsXccG5Lg1QC8QBBzO/RnTmyLZHccOOjebhKsrvsKqhdh2VkKBOw5gTPeFAUIE4ucdp+m6Ku8vDPNqEHu2V9JXIiqgyPnuFVN1RtGskCYc4ivFBgLiWdmw8w83xpfM9Vet//+xetDWYIAyUBbMF00K6Jl8UK4dpaQfAcM8YHPZDqxYZfJitRHxa/MeQb3WJwCtV/Yq8ne49LqJAzGuflIsPfQF9VQ0hJt2q4r7vzufy4KvyPQOl40z1r4lKtwFZo1hgBMHxcGWpxS5hRB+5x+clqoGePxB9vTxjfMYh0mMXn7KTb8cVHlSJ5JDnOV marcin@morawskim.pl\n    sudo: ['ALL=(ALL) NOPASSWD:ALL']\n    shell: /bin/bash\n    #groups: wheel\n\ngrowpart:\n  mode: auto\n  devices: ['/']\n"
          },
          "sensitive_attributes": [],
          "private": "bnVsbA==",
          "dependencies": [
            "data.template_file.user_data"
          ]
        }
      ]
    },
    {
      "mode": "managed",
      "type": "libvirt_cloudinit_disk",
      "name": "commoninit2",
      "provider": "provider[\"registry.terraform.io/dmacvicar/libvirt\"]",
      "instances": [
        {
          "schema_version": 0,
          "attributes": {
            "id": "/var/lib/libvirt/images/commoninit-gitlab.iso;61990233-2a9e-9967-bc42-6ed4d795b14e",
            "meta_data": "",
            "name": "commoninit-gitlab.iso",
            "network_config": "",
            "pool": "default",
            "user_data": "#cloud-config\n# vim: syntax=yaml\n#\n# ***********************\n# \t---- for more examples look at: ------\n# ---\u003e https://cloudinit.readthedocs.io/en/latest/topics/examples.html\n# ******************************\n#\n# This is the configuration syntax that the write_files module\n# will know how to understand. encoding can be given b64 or gzip or (gz+b64).\n# The content will be decoded accordingly and then written to the path that is\n# provided.\n#\n# Note: Content strings here are truncated for example purposes.\nssh_pwauth: false\ndisable_root: true\n\nusers:\n  - name: ubuntu\n    ssh_authorized_keys:\n      - ssh-rsa AAAAB3NzaC1yc2EAAAADAQABAAABAQDZpPxCj3WW031TTVkxI520OwqNsXccG5Lg1QC8QBBzO/RnTmyLZHccOOjebhKsrvsKqhdh2VkKBOw5gTPeFAUIE4ucdp+m6Ku8vDPNqEHu2V9JXIiqgyPnuFVN1RtGskCYc4ivFBgLiWdmw8w83xpfM9Vet//+xetDWYIAyUBbMF00K6Jl8UK4dpaQfAcM8YHPZDqxYZfJitRHxa/MeQb3WJwCtV/Yq8ne49LqJAzGuflIsPfQF9VQ0hJt2q4r7vzufy4KvyPQOl40z1r4lKtwFZo1hgBMHxcGWpxS5hRB+5x+clqoGePxB9vTxjfMYh0mMXn7KTb8cVHlSJ5JDnOV marcin@morawskim.pl\n    sudo: ['ALL=(ALL) NOPASSWD:ALL']\n    shell: /bin/bash\n    #groups: wheel\n\ngrowpart:\n  mode: auto\n  devices: ['/']\n"
          },
          "sensitive_attributes": [],
          "private": "bnVsbA==",
          "dependencies": [
            "data.template_file.user_data"
          ]
        }
      ]
    },
    {
      "mode": "managed",
      "type": "libvirt_domain",
      "name": "vm-docker",
      "provider": "provider[\"registry.terraform.io/dmacvicar/libvirt\"]",
      "instances": [
        {
          "schema_version": 0,
          "attributes": {
            "arch": "x86_64",
            "autostart": true,
            "boot_device": [],
            "cloudinit": "/var/lib/libvirt/images/commoninit-docker.iso;61990233-27c4-5eef-0e3d-ab68aaa40efa",
            "cmdline": null,
            "console": [
              {
                "source_host": "127.0.0.1",
                "source_path": "",
                "source_service": "0",
                "target_port": "0",
                "target_type": "serial",
                "type": "pty"
              }
            ],
            "coreos_ignition": null,
            "cpu": null,
            "description": "",
            "disk": [
              {
                "block_device": "",
                "file": "",
                "scsi": false,
                "url": "",
                "volume_id": "/var/lib/libvirt/images/disk-docker",
                "wwn": ""
              }
            ],
            "emulator": "/usr/bin/qemu-system-x86_64",
            "filesystem": [],
            "firmware": "",
            "fw_cfg_name": "opt/com.coreos/config",
            "graphics": [
              {
                "autoport": true,
                "listen_address": "127.0.0.1",
                "listen_type": "address",
                "type": "spice"
              }
            ],
            "id": "4fc8d05f-d812-49a5-a500-aa7c71179d2c",
            "initrd": "",
            "kernel": "",
            "machine": "pc",
            "memory": 1500,
            "metadata": null,
            "name": "vm-docker",
            "network_interface": [
              {
                "addresses": [],
                "bridge": "",
                "hostname": "vm-docker",
                "mac": "52:54:00:32:54:31",
                "macvtap": "",
                "network_id": "58a79b63-640d-4b39-bd0b-fe74b017a454",
                "network_name": "internal",
                "passthrough": "",
                "vepa": "",
                "wait_for_lease": false
              }
            ],
            "nvram": [],
            "qemu_agent": false,
            "running": true,
            "timeouts": null,
            "vcpu": 2,
            "video": [],
            "xml": []
          },
          "sensitive_attributes": [],
          "private": "eyJlMmJmYjczMC1lY2FhLTExZTYtOGY4OC0zNDM2M2JjN2M0YzAiOnsiY3JlYXRlIjozMDAwMDAwMDAwMDB9fQ==",
          "dependencies": [
            "libvirt_cloudinit_disk.commoninit",
            "libvirt_network.internal",
            "libvirt_volume.vm-docker"
          ]
        }
      ]
    },
    {
      "mode": "managed",
      "type": "libvirt_domain",
      "name": "vm-gitlab-runner",
      "provider": "provider[\"registry.terraform.io/dmacvicar/libvirt\"]",
      "instances": [
        {
          "schema_version": 0,
          "attributes": {
            "arch": "x86_64",
            "autostart": true,
            "boot_device": [],
            "cloudinit": "/var/lib/libvirt/images/commoninit-gitlab.iso;61990233-2a9e-9967-bc42-6ed4d795b14e",
            "cmdline": null,
            "console": [
              {
                "source_host": "127.0.0.1",
                "source_path": "",
                "source_service": "0",
                "target_port": "0",
                "target_type": "serial",
                "type": "pty"
              }
            ],
            "coreos_ignition": null,
            "cpu": null,
            "description": "",
            "disk": [
              {
                "block_device": "",
                "file": "",
                "scsi": false,
                "url": "",
                "volume_id": "/var/lib/libvirt/images/disk",
                "wwn": ""
              }
            ],
            "emulator": "/usr/bin/qemu-system-x86_64",
            "filesystem": [],
            "firmware": "",
            "fw_cfg_name": "opt/com.coreos/config",
            "graphics": [
              {
                "autoport": true,
                "listen_address": "127.0.0.1",
                "listen_type": "address",
                "type": "spice"
              }
            ],
            "id": "536ae8e7-39a7-4867-972d-8b5ad657b42b",
            "initrd": "",
            "kernel": "",
            "machine": "pc",
            "memory": 6000,
            "metadata": null,
            "name": "vm-gitlab-runner",
            "network_interface": [
              {
                "addresses": [],
                "bridge": "",
                "hostname": "vm-gitlab-runner",
                "mac": "52:54:00:AA:0E:B3",
                "macvtap": "",
                "network_id": "58a79b63-640d-4b39-bd0b-fe74b017a454",
                "network_name": "internal",
                "passthrough": "",
                "vepa": "",
                "wait_for_lease": false
              }
            ],
            "nvram": [],
            "qemu_agent": false,
            "running": true,
            "timeouts": null,
            "vcpu": 3,
            "video": [],
            "xml": []
          },
          "sensitive_attributes": [],
          "private": "eyJlMmJmYjczMC1lY2FhLTExZTYtOGY4OC0zNDM2M2JjN2M0YzAiOnsiY3JlYXRlIjozMDAwMDAwMDAwMDB9fQ==",
          "dependencies": [
            "libvirt_cloudinit_disk.commoninit2",
            "libvirt_network.internal",
            "libvirt_volume.vm-gitlab-runner"
          ]
        }
      ]
    },
    {
      "mode": "managed",
      "type": "libvirt_network",
      "name": "internal",
      "provider": "provider[\"registry.terraform.io/dmacvicar/libvirt\"]",
      "instances": [
        {
          "schema_version": 0,
          "attributes": {
            "addresses": [
              "192.168.101.0/24"
            ],
            "autostart": true,
            "bridge": "virbr2",
            "dhcp": [],
            "dns": [
              {
                "enabled": true,
                "forwarders": [],
                "hosts": [],
                "local_only": false,
                "srvs": []
              }
            ],
            "domain": null,
            "id": "58a79b63-640d-4b39-bd0b-fe74b017a454",
            "mode": "route",
            "mtu": null,
            "name": "internal",
            "routes": [],
            "xml": []
          },
          "sensitive_attributes": [],
          "private": "bnVsbA=="
        }
      ]
    },
    {
      "mode": "managed",
      "type": "libvirt_volume",
      "name": "ubuntu-lts-20",
      "provider": "provider[\"registry.terraform.io/dmacvicar/libvirt\"]",
      "instances": [
        {
          "schema_version": 0,
          "attributes": {
            "base_volume_id": null,
            "base_volume_name": null,
            "base_volume_pool": null,
            "format": "qcow2",
            "id": "/var/lib/libvirt/images/ubuntu-lts-20.qcow2",
            "name": "ubuntu-lts-20.qcow2",
            "pool": "default",
            "size": 2361393152,
            "source": "https://cloud-images.ubuntu.com/focal/current/focal-server-cloudimg-amd64.img",
            "xml": []
          },
          "sensitive_attributes": [],
          "private": "bnVsbA=="
        }
      ]
    },
    {
      "mode": "managed",
      "type": "libvirt_volume",
      "name": "ubuntu-lts-20-3",
      "provider": "provider[\"registry.terraform.io/dmacvicar/libvirt\"]",
      "instances": [
        {
          "schema_version": 0,
          "attributes": {
            "base_volume_id": null,
            "base_volume_name": null,
            "base_volume_pool": null,
            "format": "qcow2",
            "id": "/var/lib/libvirt/images/ubuntu-lts-20-3.qcow2",
            "name": "ubuntu-lts-20-3.qcow2",
            "pool": "default",
            "size": 2361393152,
            "source": "https://cloud-images.ubuntu.com/focal/current/focal-server-cloudimg-amd64.img",
            "xml": []
          },
          "sensitive_attributes": [],
          "private": "bnVsbA=="
        }
      ]
    },
    {
      "mode": "managed",
      "type": "libvirt_volume",
      "name": "vm-docker",
      "provider": "provider[\"registry.terraform.io/dmacvicar/libvirt\"]",
      "instances": [
        {
          "schema_version": 0,
          "attributes": {
            "base_volume_id": "/var/lib/libvirt/images/ubuntu-lts-20.qcow2",
            "base_volume_name": null,
            "base_volume_pool": null,
            "format": "qcow2",
            "id": "/var/lib/libvirt/images/disk-docker",
            "name": "disk-docker",
            "pool": "default",
            "size": 21474836480,
            "source": null,
            "xml": []
          },
          "sensitive_attributes": [],
          "private": "bnVsbA==",
          "dependencies": [
            "libvirt_volume.ubuntu-lts-20"
          ]
        }
      ]
    },
    {
      "mode": "managed",
      "type": "libvirt_volume",
      "name": "vm-gitlab-runner",
      "provider": "provider[\"registry.terraform.io/dmacvicar/libvirt\"]",
      "instances": [
        {
          "schema_version": 0,
          "attributes": {
            "base_volume_id": "/var/lib/libvirt/images/ubuntu-lts-20-3.qcow2",
            "base_volume_name": null,
            "base_volume_pool": null,
            "format": "qcow2",
            "id": "/var/lib/libvirt/images/disk",
            "name": "disk",
            "pool": "default",
            "size": 85899345920,
            "source": null,
            "xml": []
          },
          "sensitive_attributes": [],
          "private": "bnVsbA==",
          "dependencies": [
            "libvirt_volume.ubuntu-lts-20-3"
          ]
        }
      ]
    }
  ]
}
