FORGE
  remote: https://forgeapi.puppetlabs.com
  specs:
    adrien-filemapper (1.1.3)
    puppet-archive (4.2.0)
      puppetlabs-stdlib (< 7.0.0, >= 4.18.0)
    puppetlabs-apt (7.0.1)
      puppetlabs-stdlib (< 7.0.0, >= 4.16.0)
      puppetlabs-translate (< 2.0.0, >= 1.0.0)
    puppetlabs-docker (3.7.0)
      puppetlabs-apt (< 8.0.0, >= 4.4.1)
      puppetlabs-powershell (< 3.0.0, >= 2.1.4)
      puppetlabs-reboot (< 3.0.0, >= 2.0.0)
      puppetlabs-stdlib (< 7.0.0, >= 4.24.0)
      puppetlabs-translate (< 3.0.0, >= 0.0.1)
    puppetlabs-inifile (3.1.0)
      puppetlabs-translate (< 3.0.0, >= 1.0.0)
    puppetlabs-powershell (2.3.0)
    puppetlabs-reboot (2.2.0)
    puppetlabs-stdlib (6.0.0)
    puppetlabs-translate (1.2.0)
    puppetlabs-vcsrepo (3.0.0)
    reidmv-yamlfile (0.2.0)
      adrien-filemapper (>= 1.1.1)

GIT
  remote: git://github.com/camptocamp/puppet-systemd.git
  ref: 2.6.0
  sha: 1f6a8edb8deec342edf5b62cad0006a2106ec50b
  specs:
    puppet-systemd (2.6.0)
      puppetlabs-inifile (< 4.0.0, >= 1.6.0)
      puppetlabs-stdlib (< 7.0.0, >= 4.13.1)

GIT
  remote: git://github.com/deadpoint/puppet-zypprepo.git
  ref: v2.2.1
  sha: 713445d073def325996263812d4531d65b13e09d
  specs:
    puppet-zypprepo (2.2.1)

GIT
  remote: git://github.com/stschulte/puppet-rpmkey.git
  ref: v1.0.3
  sha: 740308229b152ce0a5d343afac351efa782eeee0
  specs:
    puppet-rpmkey (1.0.3)

DEPENDENCIES
  puppet-archive (= 4.2.0)
  puppet-rpmkey (>= 0)
  puppet-systemd (>= 0)
  puppet-zypprepo (>= 0)
  puppetlabs-apt (>= 0)
  puppetlabs-docker (= 3.7.0)
  puppetlabs-vcsrepo (= 3.0.0)
  reidmv-yamlfile (= 0.2.0)

