{
  "version": 4,
  "terraform_version": "1.3.3",
  "serial": 55,
  "lineage": "fe769f85-b2e7-3426-c42d-d8c159bf379e",
  "outputs": {},
  "resources": [
    {
      "module": "module.network",
      "mode": "managed",
      "type": "libvirt_network",
      "name": "internal",
      "provider": "provider[\"github.com/dmacvicar/libvirt\"]",
      "instances": [
        {
          "schema_version": 0,
          "attributes": {
            "addresses": [
              "192.168.111.0/24"
            ],
            "autostart": true,
            "bridge": "virbr1",
            "dhcp": [],
            "dns": [
              {
                "enabled": true,
                "forwarders": [],
                "hosts": [],
                "local_only": false,
                "srvs": []
              }
            ],
            "domain": "pck.internal",
            "id": "cb7ddb2a-cecc-49e8-bc36-69fdd9d9908a",
            "mode": "nat",
            "mtu": null,
            "name": "internal-nat",
            "routes": [],
            "xml": []
          },
          "sensitive_attributes": [],
          "private": "bnVsbA=="
        }
      ]
    },
    {
      "module": "module.vm-docker",
      "mode": "data",
      "type": "template_file",
      "name": "user_data",
      "provider": "provider[\"registry.terraform.io/hashicorp/template\"]",
      "instances": [
        {
          "schema_version": 0,
          "attributes": {
            "filename": null,
            "id": "f5c04e1788c2be7f64c4ffba3f690a8e4054f5a2a762632957a65c49eba6f08a",
            "rendered": "#cloud-config\n# vim: syntax=yaml\n#\n# ***********************\n# \t---- for more examples look at: ------\n# ---\u003e https://cloudinit.readthedocs.io/en/latest/topics/examples.html\n# ******************************\n#\n# This is the configuration syntax that the write_files module\n# will know how to understand. encoding can be given b64 or gzip or (gz+b64).\n# The content will be decoded accordingly and then written to the path that is\n# provided.\n#\n# Note: Content strings here are truncated for example purposes.\nssh_pwauth: false\ndisable_root: true\n\nusers:\n  - name: ubuntu\n    ssh_authorized_keys:\n      - ecdsa-sha2-nistp256 AAAAE2VjZHNhLXNoYTItbmlzdHAyNTYAAAAIbmlzdHAyNTYAAABBBMLzZA7DQH1lfdA8ZB4HiuD4SMes11rdotJIfR9Pjeq0qMdOVisIlLbV7kr4sOfTWNFcPzKQhtIB4MLFuDp6X+E= PIV AUTH pubkey\n    sudo: ['ALL=(ALL) NOPASSWD:ALL']\n    shell: /bin/bash\n    #groups: wheel\n\ngrowpart:\n  mode: auto\n  devices: ['/']\n",
            "template": "#cloud-config\n# vim: syntax=yaml\n#\n# ***********************\n# \t---- for more examples look at: ------\n# ---\u003e https://cloudinit.readthedocs.io/en/latest/topics/examples.html\n# ******************************\n#\n# This is the configuration syntax that the write_files module\n# will know how to understand. encoding can be given b64 or gzip or (gz+b64).\n# The content will be decoded accordingly and then written to the path that is\n# provided.\n#\n# Note: Content strings here are truncated for example purposes.\nssh_pwauth: false\ndisable_root: true\n\nusers:\n  - name: ubuntu\n    ssh_authorized_keys:\n      - ecdsa-sha2-nistp256 AAAAE2VjZHNhLXNoYTItbmlzdHAyNTYAAAAIbmlzdHAyNTYAAABBBMLzZA7DQH1lfdA8ZB4HiuD4SMes11rdotJIfR9Pjeq0qMdOVisIlLbV7kr4sOfTWNFcPzKQhtIB4MLFuDp6X+E= PIV AUTH pubkey\n    sudo: ['ALL=(ALL) NOPASSWD:ALL']\n    shell: /bin/bash\n    #groups: wheel\n\ngrowpart:\n  mode: auto\n  devices: ['/']\n",
            "vars": null
          },
          "sensitive_attributes": []
        }
      ]
    },
    {
      "module": "module.vm-docker",
      "mode": "managed",
      "type": "libvirt_cloudinit_disk",
      "name": "commoninit",
      "provider": "provider[\"github.com/dmacvicar/libvirt\"]",
      "instances": [
        {
          "schema_version": 0,
          "attributes": {
            "id": "/var/lib/libvirt/images/commoninit-ubuntu-docker.iso;626fce3b-c25c-9cd9-3692-87be0be264d6",
            "meta_data": "",
            "name": "commoninit-ubuntu-docker.iso",
            "network_config": "",
            "pool": "default",
            "user_data": "#cloud-config\n# vim: syntax=yaml\n#\n# ***********************\n# \t---- for more examples look at: ------\n# ---\u003e https://cloudinit.readthedocs.io/en/latest/topics/examples.html\n# ******************************\n#\n# This is the configuration syntax that the write_files module\n# will know how to understand. encoding can be given b64 or gzip or (gz+b64).\n# The content will be decoded accordingly and then written to the path that is\n# provided.\n#\n# Note: Content strings here are truncated for example purposes.\nssh_pwauth: false\ndisable_root: true\n\nusers:\n  - name: ubuntu\n    ssh_authorized_keys:\n      - ecdsa-sha2-nistp256 AAAAE2VjZHNhLXNoYTItbmlzdHAyNTYAAAAIbmlzdHAyNTYAAABBBMLzZA7DQH1lfdA8ZB4HiuD4SMes11rdotJIfR9Pjeq0qMdOVisIlLbV7kr4sOfTWNFcPzKQhtIB4MLFuDp6X+E= PIV AUTH pubkey\n    sudo: ['ALL=(ALL) NOPASSWD:ALL']\n    shell: /bin/bash\n    #groups: wheel\n\ngrowpart:\n  mode: auto\n  devices: ['/']\n"
          },
          "sensitive_attributes": [],
          "private": "bnVsbA==",
          "dependencies": [
            "module.vm-docker.data.template_file.user_data"
          ]
        }
      ]
    },
    {
      "module": "module.vm-docker",
      "mode": "managed",
      "type": "libvirt_domain",
      "name": "vm-ubuntu",
      "provider": "provider[\"github.com/dmacvicar/libvirt\"]",
      "instances": [
        {
          "schema_version": 0,
          "attributes": {
            "arch": "x86_64",
            "autostart": true,
            "boot_device": [],
            "cloudinit": "/var/lib/libvirt/images/commoninit-ubuntu-docker.iso;626fce3b-c25c-9cd9-3692-87be0be264d6",
            "cmdline": null,
            "console": [
              {
                "source_host": "127.0.0.1",
                "source_path": "",
                "source_service": "0",
                "target_port": "0",
                "target_type": "serial",
                "type": "pty"
              }
            ],
            "coreos_ignition": null,
            "cpu": null,
            "description": "",
            "disk": [
              {
                "block_device": "",
                "file": "",
                "scsi": false,
                "url": "",
                "volume_id": "/var/lib/libvirt/images/disk-vm-docker",
                "wwn": ""
              }
            ],
            "emulator": "/usr/bin/qemu-system-x86_64",
            "filesystem": [],
            "firmware": "",
            "fw_cfg_name": "opt/com.coreos/config",
            "graphics": [
              {
                "autoport": true,
                "listen_address": "127.0.0.1",
                "listen_type": "address",
                "type": "spice"
              }
            ],
            "id": "c478e86a-9066-46d6-af77-31d638e92e9d",
            "initrd": "",
            "kernel": "",
            "machine": "pc",
            "memory": 1800,
            "metadata": null,
            "name": "vm-ubuntu-docker",
            "network_interface": [
              {
                "addresses": [
                  "192.168.111.167"
                ],
                "bridge": "",
                "hostname": "docker",
                "mac": "52:54:00:26:0F:D2",
                "macvtap": "",
                "network_id": "cb7ddb2a-cecc-49e8-bc36-69fdd9d9908a",
                "network_name": "internal-nat",
                "passthrough": "",
                "vepa": "",
                "wait_for_lease": true
              }
            ],
            "nvram": [],
            "qemu_agent": false,
            "running": true,
            "timeouts": null,
            "vcpu": 2,
            "video": [],
            "xml": []
          },
          "sensitive_attributes": [],
          "private": "eyJlMmJmYjczMC1lY2FhLTExZTYtOGY4OC0zNDM2M2JjN2M0YzAiOnsiY3JlYXRlIjozMDAwMDAwMDAwMDB9fQ==",
          "dependencies": [
            "module.network.libvirt_network.internal",
            "module.vm-docker.data.template_file.user_data",
            "module.vm-docker.libvirt_cloudinit_disk.commoninit",
            "module.vm-docker.libvirt_volume.ubuntu-lts-20",
            "module.vm-docker.libvirt_volume.vm-disk"
          ]
        }
      ]
    },
    {
      "module": "module.vm-docker",
      "mode": "managed",
      "type": "libvirt_volume",
      "name": "ubuntu-lts-20",
      "provider": "provider[\"github.com/dmacvicar/libvirt\"]",
      "instances": [
        {
          "schema_version": 0,
          "attributes": {
            "base_volume_id": null,
            "base_volume_name": null,
            "base_volume_pool": null,
            "format": "qcow2",
            "id": "/var/lib/libvirt/images/ubuntu-lts-20-docker.qcow2",
            "name": "ubuntu-lts-20-docker.qcow2",
            "pool": "default",
            "size": 2361393152,
            "source": "https://cloud-images.ubuntu.com/focal/current/focal-server-cloudimg-amd64.img",
            "xml": []
          },
          "sensitive_attributes": [],
          "private": "bnVsbA=="
        }
      ]
    },
    {
      "module": "module.vm-docker",
      "mode": "managed",
      "type": "libvirt_volume",
      "name": "vm-disk",
      "provider": "provider[\"github.com/dmacvicar/libvirt\"]",
      "instances": [
        {
          "schema_version": 0,
          "attributes": {
            "base_volume_id": "/var/lib/libvirt/images/ubuntu-lts-20-docker.qcow2",
            "base_volume_name": null,
            "base_volume_pool": null,
            "format": "qcow2",
            "id": "/var/lib/libvirt/images/disk-vm-docker",
            "name": "disk-vm-docker",
            "pool": "default",
            "size": 64424509440,
            "source": null,
            "xml": []
          },
          "sensitive_attributes": [],
          "private": "bnVsbA==",
          "dependencies": [
            "module.vm-docker.libvirt_volume.ubuntu-lts-20"
          ]
        }
      ]
    },
    {
      "module": "module.vm-gitlab",
      "mode": "data",
      "type": "template_file",
      "name": "user_data",
      "provider": "provider[\"registry.terraform.io/hashicorp/template\"]",
      "instances": [
        {
          "schema_version": 0,
          "attributes": {
            "filename": null,
            "id": "f5c04e1788c2be7f64c4ffba3f690a8e4054f5a2a762632957a65c49eba6f08a",
            "rendered": "#cloud-config\n# vim: syntax=yaml\n#\n# ***********************\n# \t---- for more examples look at: ------\n# ---\u003e https://cloudinit.readthedocs.io/en/latest/topics/examples.html\n# ******************************\n#\n# This is the configuration syntax that the write_files module\n# will know how to understand. encoding can be given b64 or gzip or (gz+b64).\n# The content will be decoded accordingly and then written to the path that is\n# provided.\n#\n# Note: Content strings here are truncated for example purposes.\nssh_pwauth: false\ndisable_root: true\n\nusers:\n  - name: ubuntu\n    ssh_authorized_keys:\n      - ecdsa-sha2-nistp256 AAAAE2VjZHNhLXNoYTItbmlzdHAyNTYAAAAIbmlzdHAyNTYAAABBBMLzZA7DQH1lfdA8ZB4HiuD4SMes11rdotJIfR9Pjeq0qMdOVisIlLbV7kr4sOfTWNFcPzKQhtIB4MLFuDp6X+E= PIV AUTH pubkey\n    sudo: ['ALL=(ALL) NOPASSWD:ALL']\n    shell: /bin/bash\n    #groups: wheel\n\ngrowpart:\n  mode: auto\n  devices: ['/']\n",
            "template": "#cloud-config\n# vim: syntax=yaml\n#\n# ***********************\n# \t---- for more examples look at: ------\n# ---\u003e https://cloudinit.readthedocs.io/en/latest/topics/examples.html\n# ******************************\n#\n# This is the configuration syntax that the write_files module\n# will know how to understand. encoding can be given b64 or gzip or (gz+b64).\n# The content will be decoded accordingly and then written to the path that is\n# provided.\n#\n# Note: Content strings here are truncated for example purposes.\nssh_pwauth: false\ndisable_root: true\n\nusers:\n  - name: ubuntu\n    ssh_authorized_keys:\n      - ecdsa-sha2-nistp256 AAAAE2VjZHNhLXNoYTItbmlzdHAyNTYAAAAIbmlzdHAyNTYAAABBBMLzZA7DQH1lfdA8ZB4HiuD4SMes11rdotJIfR9Pjeq0qMdOVisIlLbV7kr4sOfTWNFcPzKQhtIB4MLFuDp6X+E= PIV AUTH pubkey\n    sudo: ['ALL=(ALL) NOPASSWD:ALL']\n    shell: /bin/bash\n    #groups: wheel\n\ngrowpart:\n  mode: auto\n  devices: ['/']\n",
            "vars": null
          },
          "sensitive_attributes": []
        }
      ]
    },
    {
      "module": "module.vm-gitlab",
      "mode": "managed",
      "type": "libvirt_cloudinit_disk",
      "name": "commoninit",
      "provider": "provider[\"github.com/dmacvicar/libvirt\"]",
      "instances": [
        {
          "schema_version": 0,
          "attributes": {
            "id": "/var/lib/libvirt/images/commoninit-ubuntu-gitlab.iso;626fce3b-2ea1-18c6-80e8-a12ad73b9ec3",
            "meta_data": "",
            "name": "commoninit-ubuntu-gitlab.iso",
            "network_config": "",
            "pool": "default",
            "user_data": "#cloud-config\n# vim: syntax=yaml\n#\n# ***********************\n# \t---- for more examples look at: ------\n# ---\u003e https://cloudinit.readthedocs.io/en/latest/topics/examples.html\n# ******************************\n#\n# This is the configuration syntax that the write_files module\n# will know how to understand. encoding can be given b64 or gzip or (gz+b64).\n# The content will be decoded accordingly and then written to the path that is\n# provided.\n#\n# Note: Content strings here are truncated for example purposes.\nssh_pwauth: false\ndisable_root: true\n\nusers:\n  - name: ubuntu\n    ssh_authorized_keys:\n      - ecdsa-sha2-nistp256 AAAAE2VjZHNhLXNoYTItbmlzdHAyNTYAAAAIbmlzdHAyNTYAAABBBMLzZA7DQH1lfdA8ZB4HiuD4SMes11rdotJIfR9Pjeq0qMdOVisIlLbV7kr4sOfTWNFcPzKQhtIB4MLFuDp6X+E= PIV AUTH pubkey\n    sudo: ['ALL=(ALL) NOPASSWD:ALL']\n    shell: /bin/bash\n    #groups: wheel\n\ngrowpart:\n  mode: auto\n  devices: ['/']\n"
          },
          "sensitive_attributes": [],
          "private": "bnVsbA==",
          "dependencies": [
            "module.vm-gitlab.data.template_file.user_data"
          ]
        }
      ]
    },
    {
      "module": "module.vm-gitlab",
      "mode": "managed",
      "type": "libvirt_domain",
      "name": "vm-ubuntu",
      "provider": "provider[\"github.com/dmacvicar/libvirt\"]",
      "instances": [
        {
          "schema_version": 0,
          "attributes": {
            "arch": "x86_64",
            "autostart": true,
            "boot_device": [],
            "cloudinit": "/var/lib/libvirt/images/commoninit-ubuntu-gitlab.iso;626fce3b-2ea1-18c6-80e8-a12ad73b9ec3",
            "cmdline": null,
            "console": [
              {
                "source_host": "127.0.0.1",
                "source_path": "",
                "source_service": "0",
                "target_port": "0",
                "target_type": "serial",
                "type": "pty"
              }
            ],
            "coreos_ignition": null,
            "cpu": null,
            "description": "",
            "disk": [
              {
                "block_device": "",
                "file": "",
                "scsi": false,
                "url": "",
                "volume_id": "/var/lib/libvirt/images/disk-vm-gitlab",
                "wwn": ""
              }
            ],
            "emulator": "/usr/bin/qemu-system-x86_64",
            "filesystem": [],
            "firmware": "",
            "fw_cfg_name": "opt/com.coreos/config",
            "graphics": [
              {
                "autoport": true,
                "listen_address": "127.0.0.1",
                "listen_type": "address",
                "type": "spice"
              }
            ],
            "id": "a4cea9b4-2225-428a-829f-f9f1127994f8",
            "initrd": "",
            "kernel": "",
            "machine": "pc",
            "memory": 5000,
            "metadata": null,
            "name": "vm-ubuntu-gitlab",
            "network_interface": [
              {
                "addresses": [
                  "192.168.111.157"
                ],
                "bridge": "",
                "hostname": "gitlab",
                "mac": "52:54:00:D2:FB:64",
                "macvtap": "",
                "network_id": "cb7ddb2a-cecc-49e8-bc36-69fdd9d9908a",
                "network_name": "internal-nat",
                "passthrough": "",
                "vepa": "",
                "wait_for_lease": true
              }
            ],
            "nvram": [],
            "qemu_agent": false,
            "running": true,
            "timeouts": null,
            "vcpu": 3,
            "video": [],
            "xml": []
          },
          "sensitive_attributes": [],
          "private": "eyJlMmJmYjczMC1lY2FhLTExZTYtOGY4OC0zNDM2M2JjN2M0YzAiOnsiY3JlYXRlIjozMDAwMDAwMDAwMDB9fQ==",
          "dependencies": [
            "module.network.libvirt_network.internal",
            "module.vm-gitlab.data.template_file.user_data",
            "module.vm-gitlab.libvirt_cloudinit_disk.commoninit",
            "module.vm-gitlab.libvirt_volume.ubuntu-lts-20",
            "module.vm-gitlab.libvirt_volume.vm-disk"
          ]
        }
      ]
    },
    {
      "module": "module.vm-gitlab",
      "mode": "managed",
      "type": "libvirt_volume",
      "name": "ubuntu-lts-20",
      "provider": "provider[\"github.com/dmacvicar/libvirt\"]",
      "instances": [
        {
          "schema_version": 0,
          "attributes": {
            "base_volume_id": null,
            "base_volume_name": null,
            "base_volume_pool": null,
            "format": "qcow2",
            "id": "/var/lib/libvirt/images/ubuntu-lts-20-gitlab.qcow2",
            "name": "ubuntu-lts-20-gitlab.qcow2",
            "pool": "default",
            "size": 2361393152,
            "source": "https://cloud-images.ubuntu.com/focal/current/focal-server-cloudimg-amd64.img",
            "xml": []
          },
          "sensitive_attributes": [],
          "private": "bnVsbA=="
        }
      ]
    },
    {
      "module": "module.vm-gitlab",
      "mode": "managed",
      "type": "libvirt_volume",
      "name": "vm-disk",
      "provider": "provider[\"github.com/dmacvicar/libvirt\"]",
      "instances": [
        {
          "schema_version": 0,
          "attributes": {
            "base_volume_id": "/var/lib/libvirt/images/ubuntu-lts-20-gitlab.qcow2",
            "base_volume_name": null,
            "base_volume_pool": null,
            "format": "qcow2",
            "id": "/var/lib/libvirt/images/disk-vm-gitlab",
            "name": "disk-vm-gitlab",
            "pool": "default",
            "size": 85899345920,
            "source": null,
            "xml": []
          },
          "sensitive_attributes": [],
          "private": "bnVsbA==",
          "dependencies": [
            "module.vm-gitlab.libvirt_volume.ubuntu-lts-20"
          ]
        }
      ]
    }
  ],
  "check_results": null
}
