{
  "version": 4,
  "terraform_version": "1.3.3",
  "serial": 13,
  "lineage": "22a37c76-b059-983b-e815-81d09c7ef20f",
  "outputs": {},
  "resources": [
    {
      "mode": "managed",
      "type": "ovh_domain_zone_record",
      "name": "alias",
      "provider": "provider[\"registry.terraform.io/ovh/ovh\"]",
      "instances": [
        {
          "index_key": "hosting",
          "schema_version": 0,
          "attributes": {
            "fieldtype": "CNAME",
            "id": "5241682485",
            "subdomain": "hosting",
            "target": "gienek.hostinghouse.pl.",
            "ttl": 0,
            "zone": "morawskim.pl"
          },
          "sensitive_attributes": [],
          "private": "eyJzY2hlbWFfdmVyc2lvbiI6IjAifQ=="
        },
        {
          "index_key": "kindle",
          "schema_version": 0,
          "attributes": {
            "fieldtype": "CNAME",
            "id": "5241453795",
            "subdomain": "kindle",
            "target": "noip.morawskim.pl.",
            "ttl": 0,
            "zone": "morawskim.pl"
          },
          "sensitive_attributes": [],
          "private": "eyJzY2hlbWFfdmVyc2lvbiI6IjAifQ=="
        },
        {
          "index_key": "nextcloud",
          "schema_version": 0,
          "attributes": {
            "fieldtype": "CNAME",
            "id": "5190269581",
            "subdomain": "nextcloud",
            "target": "noip.morawskim.pl.",
            "ttl": 0,
            "zone": "morawskim.pl"
          },
          "sensitive_attributes": [],
          "private": "eyJzY2hlbWFfdmVyc2lvbiI6IjAifQ=="
        },
        {
          "index_key": "noip",
          "schema_version": 0,
          "attributes": {
            "fieldtype": "CNAME",
            "id": "5062918452",
            "subdomain": "noip",
            "target": "morawskim.ddns.net.",
            "ttl": 0,
            "zone": "morawskim.pl"
          },
          "sensitive_attributes": [],
          "private": "eyJzY2hlbWFfdmVyc2lvbiI6IjAifQ=="
        },
        {
          "index_key": "ots",
          "schema_version": 0,
          "attributes": {
            "fieldtype": "CNAME",
            "id": "5189926305",
            "subdomain": "ots",
            "target": "noip.morawskim.pl.",
            "ttl": 0,
            "zone": "morawskim.pl"
          },
          "sensitive_attributes": [],
          "private": "eyJzY2hlbWFfdmVyc2lvbiI6IjAifQ=="
        },
        {
          "index_key": "print",
          "schema_version": 0,
          "attributes": {
            "fieldtype": "CNAME",
            "id": "5062918439",
            "subdomain": "print",
            "target": "intel.morawskim.pl.",
            "ttl": 0,
            "zone": "morawskim.pl"
          },
          "sensitive_attributes": [],
          "private": "eyJzY2hlbWFfdmVyc2lvbiI6IjAifQ=="
        },
        {
          "index_key": "ttrss",
          "schema_version": 0,
          "attributes": {
            "fieldtype": "CNAME",
            "id": "5062918436",
            "subdomain": "ttrss",
            "target": "noip.morawskim.pl.",
            "ttl": 0,
            "zone": "morawskim.pl"
          },
          "sensitive_attributes": [],
          "private": "eyJzY2hlbWFfdmVyc2lvbiI6IjAifQ=="
        }
      ]
    },
    {
      "mode": "managed",
      "type": "ovh_domain_zone_record",
      "name": "intel",
      "provider": "provider[\"registry.terraform.io/ovh/ovh\"]",
      "instances": [
        {
          "schema_version": 0,
          "attributes": {
            "fieldtype": "A",
            "id": "5062918393",
            "subdomain": "intel",
            "target": "192.168.50.50",
            "ttl": 60,
            "zone": "morawskim.pl"
          },
          "sensitive_attributes": [],
          "private": "eyJzY2hlbWFfdmVyc2lvbiI6IjAifQ=="
        }
      ]
    },
    {
      "mode": "managed",
      "type": "ovh_domain_zone_record",
      "name": "preview",
      "provider": "provider[\"registry.terraform.io/ovh/ovh\"]",
      "instances": [
        {
          "schema_version": 0,
          "attributes": {
            "fieldtype": "CNAME",
            "id": "5223031377",
            "subdomain": "*.preview",
            "target": "noip.morawskim.pl.",
            "ttl": 0,
            "zone": "morawskim.pl"
          },
          "sensitive_attributes": [],
          "private": "eyJzY2hlbWFfdmVyc2lvbiI6IjAifQ=="
        }
      ]
    },
    {
      "mode": "managed",
      "type": "ovh_domain_zone_record",
      "name": "rpm",
      "provider": "provider[\"registry.terraform.io/ovh/ovh\"]",
      "instances": [
        {
          "schema_version": 0,
          "attributes": {
            "fieldtype": "CNAME",
            "id": "5241682484",
            "subdomain": "rpm",
            "target": "gienek.hostinghouse.pl.",
            "ttl": 3600,
            "zone": "morawskim.pl"
          },
          "sensitive_attributes": [],
          "private": "eyJzY2hlbWFfdmVyc2lvbiI6IjAifQ=="
        }
      ]
    },
    {
      "mode": "managed",
      "type": "ovh_domain_zone_record",
      "name": "test",
      "provider": "provider[\"registry.terraform.io/ovh/ovh\"]",
      "instances": [
        {
          "schema_version": 0,
          "attributes": {
            "fieldtype": "A",
            "id": "5250757438",
            "subdomain": "test-tf",
            "target": "192.168.50.50",
            "ttl": 60,
            "zone": "morawskim.pl"
          },
          "sensitive_attributes": [],
          "private": "bnVsbA=="
        }
      ]
    }
  ],
  "check_results": []
}
