{
  "version": 4,
  "terraform_version": "1.4.6",
  "serial": 61,
  "lineage": "22a37c76-b059-983b-e815-81d09c7ef20f",
  "outputs": {},
  "resources": [
    {
      "mode": "managed",
      "type": "ovh_domain_zone_record",
      "name": "alias",
      "provider": "provider[\"registry.terraform.io/ovh/ovh\"]",
      "instances": [
        {
          "index_key": "hosting",
          "schema_version": 0,
          "attributes": {
            "fieldtype": "CNAME",
            "id": "5241682485",
            "subdomain": "hosting",
            "target": "gienek.hostinghouse.pl.",
            "ttl": 0,
            "zone": "morawskim.pl"
          },
          "sensitive_attributes": [],
          "private": "eyJzY2hlbWFfdmVyc2lvbiI6IjAifQ=="
        },
        {
          "index_key": "kindle",
          "schema_version": 0,
          "attributes": {
            "fieldtype": "CNAME",
            "id": "5241453795",
            "subdomain": "kindle",
            "target": "noip.morawskim.pl.",
            "ttl": 0,
            "zone": "morawskim.pl"
          },
          "sensitive_attributes": [],
          "private": "eyJzY2hlbWFfdmVyc2lvbiI6IjAifQ=="
        },
        {
          "index_key": "nextcloud",
          "schema_version": 0,
          "attributes": {
            "fieldtype": "CNAME",
            "id": "5190269581",
            "subdomain": "nextcloud",
            "target": "noip.morawskim.pl.",
            "ttl": 0,
            "zone": "morawskim.pl"
          },
          "sensitive_attributes": [],
          "private": "eyJzY2hlbWFfdmVyc2lvbiI6IjAifQ=="
        },
        {
          "index_key": "noip",
          "schema_version": 0,
          "attributes": {
            "fieldtype": "CNAME",
            "id": "5062918452",
            "subdomain": "noip",
            "target": "morawskim.ddns.net.",
            "ttl": 0,
            "zone": "morawskim.pl"
          },
          "sensitive_attributes": [],
          "private": "eyJzY2hlbWFfdmVyc2lvbiI6IjAifQ=="
        },
        {
          "index_key": "ots",
          "schema_version": 0,
          "attributes": {
            "fieldtype": "CNAME",
            "id": "5189926305",
            "subdomain": "ots",
            "target": "noip.morawskim.pl.",
            "ttl": 0,
            "zone": "morawskim.pl"
          },
          "sensitive_attributes": [],
          "private": "eyJzY2hlbWFfdmVyc2lvbiI6IjAifQ=="
        },
        {
          "index_key": "print",
          "schema_version": 0,
          "attributes": {
            "fieldtype": "CNAME",
            "id": "5062918439",
            "subdomain": "print",
            "target": "intel.morawskim.pl.",
            "ttl": 0,
            "zone": "morawskim.pl"
          },
          "sensitive_attributes": [],
          "private": "eyJzY2hlbWFfdmVyc2lvbiI6IjAifQ=="
        },
        {
          "index_key": "ttrss",
          "schema_version": 0,
          "attributes": {
            "fieldtype": "CNAME",
            "id": "5062918436",
            "subdomain": "ttrss",
            "target": "noip.morawskim.pl.",
            "ttl": 0,
            "zone": "morawskim.pl"
          },
          "sensitive_attributes": [],
          "private": "eyJzY2hlbWFfdmVyc2lvbiI6IjAifQ=="
        },
        {
          "index_key": "webmail",
          "schema_version": 0,
          "attributes": {
            "fieldtype": "CNAME",
            "id": "5277175414",
            "subdomain": "webmail",
            "target": "noip.morawskim.pl.",
            "ttl": 0,
            "zone": "morawskim.pl"
          },
          "sensitive_attributes": [],
          "private": "bnVsbA=="
        }
      ]
    },
    {
      "mode": "managed",
      "type": "ovh_domain_zone_record",
      "name": "demo_mail",
      "provider": "provider[\"registry.terraform.io/ovh/ovh\"]",
      "instances": [
        {
          "schema_version": 0,
          "attributes": {
            "fieldtype": "CNAME",
            "id": "5276790327",
            "subdomain": "mail",
            "target": "noip.morawskim.pl.",
            "ttl": 60,
            "zone": "mdemo.ovh"
          },
          "sensitive_attributes": [],
          "private": "bnVsbA=="
        }
      ]
    },
    {
      "mode": "managed",
      "type": "ovh_domain_zone_record",
      "name": "demo_mail_dkim",
      "provider": "provider[\"registry.terraform.io/ovh/ovh\"]",
      "instances": [
        {
          "schema_version": 0,
          "attributes": {
            "fieldtype": "TXT",
            "id": "5276929831",
            "subdomain": "default._domainkey.mail",
            "target": "v=DKIM1; k=rsa; p=MIIBIjANBgkqhkiG9w0BAQEFAAOCAQ8AMIIBCgKCAQEA72ZYzgpYL9Dr7EjY6zRpZOY5ecsxYNPJcMJpsck5GD6h/rn+ug5bMH56qWrxIsabWoOp7i4PRSc7dGz/v/mDTQ0vcmlsUznULmdjtBAMVvSO1qwRpeASyeIEfj5aFbT3YPnNvU/oFzPV/MUf2l83sGFVDtfe0V85b7m+sYatvNFCATM+KeV29iYUB0GUmKHUis0dtfV4YDzU5yeEcc2EESpTlXZ4+3QXSrc12ojggBMvL96L+tQAaxwtoWf2uQZ+/XvN7SyuTHDg+wUfy7Smbi0l1Xcw1VVbe9/01PH7EWFYpkqohqRgmyjH+28tlxu915UrnMMnpBwjU3X8+/kOXQIDAQAB/",
            "ttl": 3600,
            "zone": "mdemo.ovh"
          },
          "sensitive_attributes": [],
          "private": "bnVsbA=="
        }
      ]
    },
    {
      "mode": "managed",
      "type": "ovh_domain_zone_record",
      "name": "demo_mail_dmarc",
      "provider": "provider[\"registry.terraform.io/ovh/ovh\"]",
      "instances": [
        {
          "schema_version": 0,
          "attributes": {
            "fieldtype": "TXT",
            "id": "5276928903",
            "subdomain": "_dmarc.mail",
            "target": "v=DMARC1; p=quarantine; ruf=mailto:postmaster@mail.mdemo.ovh",
            "ttl": 3600,
            "zone": "mdemo.ovh"
          },
          "sensitive_attributes": [],
          "private": "bnVsbA=="
        }
      ]
    },
    {
      "mode": "managed",
      "type": "ovh_domain_zone_record",
      "name": "demo_mail_spf",
      "provider": "provider[\"registry.terraform.io/ovh/ovh\"]",
      "instances": [
        {
          "schema_version": 0,
          "attributes": {
            "fieldtype": "TXT",
            "id": "5276927927",
            "subdomain": "mail",
            "target": "v=spf1 mx ~all",
            "ttl": 3600,
            "zone": "mdemo.ovh"
          },
          "sensitive_attributes": [],
          "private": "bnVsbA=="
        }
      ]
    },
    {
      "mode": "managed",
      "type": "ovh_domain_zone_record",
      "name": "demo_mx",
      "provider": "provider[\"registry.terraform.io/ovh/ovh\"]",
      "instances": [
        {
          "schema_version": 0,
          "attributes": {
            "fieldtype": "A",
            "id": "5276790329",
            "subdomain": "mx1.mail",
            "target": "78.154.68.48",
            "ttl": 60,
            "zone": "mdemo.ovh"
          },
          "sensitive_attributes": [],
          "private": "bnVsbA=="
        }
      ]
    },
    {
      "mode": "managed",
      "type": "ovh_domain_zone_record",
      "name": "demo_mx_spf",
      "provider": "provider[\"registry.terraform.io/ovh/ovh\"]",
      "instances": [
        {
          "schema_version": 0,
          "attributes": {
            "fieldtype": "TXT",
            "id": "5276927928",
            "subdomain": "mx1.mail",
            "target": "v=spf1 mx ~all",
            "ttl": 3600,
            "zone": "mdemo.ovh"
          },
          "sensitive_attributes": [],
          "private": "bnVsbA=="
        }
      ]
    },
    {
      "mode": "managed",
      "type": "ovh_domain_zone_record",
      "name": "intel",
      "provider": "provider[\"registry.terraform.io/ovh/ovh\"]",
      "instances": [
        {
          "schema_version": 0,
          "attributes": {
            "fieldtype": "A",
            "id": "5062918393",
            "subdomain": "intel",
            "target": "192.168.50.50",
            "ttl": 60,
            "zone": "morawskim.pl"
          },
          "sensitive_attributes": [],
          "private": "eyJzY2hlbWFfdmVyc2lvbiI6IjAifQ=="
        }
      ]
    },
    {
      "mode": "managed",
      "type": "ovh_domain_zone_record",
      "name": "mx_for_subdomain",
      "provider": "provider[\"registry.terraform.io/ovh/ovh\"]",
      "instances": [
        {
          "schema_version": 0,
          "attributes": {
            "fieldtype": "MX",
            "id": "5276790328",
            "subdomain": "mail",
            "target": "10 mx1.mail.mdemo.ovh.",
            "ttl": 60,
            "zone": "mdemo.ovh"
          },
          "sensitive_attributes": [],
          "private": "bnVsbA=="
        }
      ]
    },
    {
      "mode": "managed",
      "type": "ovh_domain_zone_record",
      "name": "preview",
      "provider": "provider[\"registry.terraform.io/ovh/ovh\"]",
      "instances": [
        {
          "schema_version": 0,
          "attributes": {
            "fieldtype": "CNAME",
            "id": "5223031377",
            "subdomain": "*.preview",
            "target": "noip.morawskim.pl.",
            "ttl": 0,
            "zone": "morawskim.pl"
          },
          "sensitive_attributes": [],
          "private": "eyJzY2hlbWFfdmVyc2lvbiI6IjAifQ=="
        }
      ]
    },
    {
      "mode": "managed",
      "type": "ovh_domain_zone_record",
      "name": "rpm",
      "provider": "provider[\"registry.terraform.io/ovh/ovh\"]",
      "instances": [
        {
          "schema_version": 0,
          "attributes": {
            "fieldtype": "CNAME",
            "id": "5241682484",
            "subdomain": "rpm",
            "target": "gienek.hostinghouse.pl.",
            "ttl": 3600,
            "zone": "morawskim.pl"
          },
          "sensitive_attributes": [],
          "private": "eyJzY2hlbWFfdmVyc2lvbiI6IjAifQ=="
        }
      ]
    },
    {
      "mode": "managed",
      "type": "ovh_domain_zone_record",
      "name": "test",
      "provider": "provider[\"registry.terraform.io/ovh/ovh\"]",
      "instances": [
        {
          "schema_version": 0,
          "attributes": {
            "fieldtype": "A",
            "id": "5250757438",
            "subdomain": "test-tf",
            "target": "192.168.50.50",
            "ttl": 60,
            "zone": "morawskim.pl"
          },
          "sensitive_attributes": [],
          "private": "bnVsbA=="
        }
      ]
    }
  ],
  "check_results": null
}
