{
  "version": 4,
  "terraform_version": "1.3.3",
  "serial": 10,
  "lineage": "1793a2aa-431a-c61e-2aae-592235614ace",
  "outputs": {},
  "resources": [
    {
      "mode": "data",
      "type": "mailgun_domain",
      "name": "mmorawski",
      "provider": "provider[\"registry.terraform.io/wgebis/mailgun\"]",
      "instances": [
        {
          "schema_version": 0,
          "attributes": {
            "dkim_key_size": null,
            "dkim_selector": null,
            "id": "mailgun.morawskim.pl",
            "name": "mailgun.morawskim.pl",
            "receiving_records": [
              {
                "priority": "10",
                "record_type": "MX",
                "valid": "valid",
                "value": "mxa.mailgun.org"
              },
              {
                "priority": "10",
                "record_type": "MX",
                "valid": "valid",
                "value": "mxb.mailgun.org"
              }
            ],
            "region": "us",
            "sending_records": [
              {
                "name": "mailgun.morawskim.pl",
                "record_type": "TXT",
                "valid": "valid",
                "value": "v=spf1 include:mailgun.org ~all"
              },
              {
                "name": "mailo._domainkey.mailgun.morawskim.pl",
                "record_type": "TXT",
                "valid": "valid",
                "value": "k=rsa; p=MIGfMA0GCSqGSIb3DQEBAQUAA4GNADCBiQKBgQDUsKAOoWbLtIsPqJmclPujjDjQ4nOhaja7IaRaYpg5lePYjsHp/jOaDUtwIhkbp2bkwLlNntmfIcBX0o8GH5bGwnLU/pv6T/E+SXs3RF1xFhyA1yOQlSeZ7pnM+kw8eYCGNq4Wno9+2xWpnoTCgXBEZiAzj7K51YvPJePTpamozQIDAQAB"
              },
              {
                "name": "email.mailgun.morawskim.pl",
                "record_type": "CNAME",
                "valid": "valid",
                "value": "mailgun.org"
              }
            ],
            "smtp_login": "postmaster@mailgun.morawskim.pl",
            "smtp_password": "",
            "spam_action": "disabled",
            "wildcard": false
          },
          "sensitive_attributes": []
        }
      ]
    },
    {
      "mode": "managed",
      "type": "mailgun_domain_credential",
      "name": "notifications",
      "provider": "provider[\"registry.terraform.io/wgebis/mailgun\"]",
      "instances": [
        {
          "schema_version": 0,
          "attributes": {
            "domain": "mailgun.morawskim.pl",
            "id": "notifications@mailgun.morawskim.pl",
            "login": "notifications",
            "password": "",
            "region": "us1"
          },
          "sensitive_attributes": [],
          "private": "bnVsbA==",
          "dependencies": [
            "data.mailgun_domain.mmorawski"
          ]
        }
      ]
    }
  ],
  "check_results": []
}
