{
  "version": 4,
  "terraform_version": "1.5.5",
  "serial": 96,
  "lineage": "22a37c76-b059-983b-e815-81d09c7ef20f",
  "outputs": {},
  "resources": [
    {
      "mode": "data",
      "type": "cloudflare_zone",
      "name": "mdemo",
      "provider": "provider[\"registry.terraform.io/cloudflare/cloudflare\"]",
      "instances": [
        {
          "schema_version": 0,
          "attributes": {
            "account_id": "a59fda93c9779ed5dd6e8e96867d7a54",
            "id": "c948940ea08d5bff1e664cf9dee108a1",
            "name": "mdemo.ovh",
            "name_servers": [
              "leif.ns.cloudflare.com",
              "lia.ns.cloudflare.com"
            ],
            "paused": false,
            "plan": "Free Website",
            "status": "active",
            "vanity_name_servers": [],
            "zone_id": "c948940ea08d5bff1e664cf9dee108a1"
          },
          "sensitive_attributes": []
        }
      ]
    },
    {
      "mode": "managed",
      "type": "cloudflare_record",
      "name": "demo_mail",
      "provider": "provider[\"registry.terraform.io/cloudflare/cloudflare\"]",
      "instances": [
        {
          "schema_version": 2,
          "attributes": {
            "allow_overwrite": null,
            "comment": "",
            "created_on": "2023-07-16T20:26:01.336241Z",
            "data": [],
            "hostname": "mail.mdemo.ovh",
            "id": "e85332daef10f229566fcaca1742fafb",
            "metadata": {
              "auto_added": "false",
              "managed_by_apps": "false",
              "managed_by_argo_tunnel": "false",
              "source": "primary"
            },
            "modified_on": "2023-07-19T15:10:57.047934Z",
            "name": "mail",
            "priority": null,
            "proxiable": true,
            "proxied": false,
            "tags": [],
            "timeouts": null,
            "ttl": 60,
            "type": "CNAME",
            "value": "noip.morawskim.pl",
            "zone_id": "c948940ea08d5bff1e664cf9dee108a1"
          },
          "sensitive_attributes": [],
          "private": "eyJlMmJmYjczMC1lY2FhLTExZTYtOGY4OC0zNDM2M2JjN2M0YzAiOnsiY3JlYXRlIjozMDAwMDAwMDAwMCwidXBkYXRlIjozMDAwMDAwMDAwMH0sInNjaGVtYV92ZXJzaW9uIjoiMiJ9",
          "dependencies": [
            "data.cloudflare_zone.mdemo"
          ]
        }
      ]
    },
    {
      "mode": "managed",
      "type": "cloudflare_record",
      "name": "demo_mail_dkim",
      "provider": "provider[\"registry.terraform.io/cloudflare/cloudflare\"]",
      "instances": [
        {
          "schema_version": 2,
          "attributes": {
            "allow_overwrite": false,
            "comment": "",
            "created_on": "2023-07-19T14:52:24.647307Z",
            "data": [],
            "hostname": "default._domainkey.mail.mdemo.ovh",
            "id": "a9de73c3f40baa0c6196545ab6646790",
            "metadata": {
              "auto_added": "false",
              "managed_by_apps": "false",
              "managed_by_argo_tunnel": "false",
              "source": "primary"
            },
            "modified_on": "2023-07-19T14:52:24.647307Z",
            "name": "default._domainkey.mail",
            "priority": null,
            "proxiable": false,
            "proxied": false,
            "tags": [],
            "timeouts": null,
            "ttl": 1,
            "type": "TXT",
            "value": "v=DKIM1; k=rsa; p=MIIBIjANBgkqhkiG9w0BAQEFAAOCAQ8AMIIBCgKCAQEA72ZYzgpYL9Dr7EjY6zRpZOY5ecsxYNPJcMJpsck5GD6h/rn+ug5bMH56qWrxIsabWoOp7i4PRSc7dGz/v/mDTQ0vcmlsUznULmdjtBAMVvSO1qwRpeASyeIEfj5aFbT3YPnNvU/oFzPV/MUf2l83sGFVDtfe0V85b7m+sYatvNFCATM+KeV29iYUB0GUmKHUis0dtfV4YDzU5yeEcc2EESpTlXZ4+3QXSrc12ojggBMvL96L+tQAaxwtoWf2uQZ+/XvN7SyuTHDg+wUfy7Smbi0l1Xcw1VVbe9/01PH7EWFYpkqohqRgmyjH+28tlxu915UrnMMnpBwjU3X8+/kOXQIDAQAB/",
            "zone_id": "c948940ea08d5bff1e664cf9dee108a1"
          },
          "sensitive_attributes": [],
          "private": "eyJlMmJmYjczMC1lY2FhLTExZTYtOGY4OC0zNDM2M2JjN2M0YzAiOnsiY3JlYXRlIjozMDAwMDAwMDAwMCwidXBkYXRlIjozMDAwMDAwMDAwMH0sInNjaGVtYV92ZXJzaW9uIjoiMiJ9",
          "dependencies": [
            "data.cloudflare_zone.mdemo"
          ]
        }
      ]
    },
    {
      "mode": "managed",
      "type": "cloudflare_record",
      "name": "demo_mail_dmarc",
      "provider": "provider[\"registry.terraform.io/cloudflare/cloudflare\"]",
      "instances": [
        {
          "schema_version": 2,
          "attributes": {
            "allow_overwrite": null,
            "comment": "",
            "created_on": "2023-07-16T20:26:01.368386Z",
            "data": [],
            "hostname": "_dmarc.mail.mdemo.ovh",
            "id": "4857eaf111bbc59c791dfc940c2181b8",
            "metadata": {
              "auto_added": "false",
              "managed_by_apps": "false",
              "managed_by_argo_tunnel": "false",
              "source": "primary"
            },
            "modified_on": "2023-07-16T20:26:01.368386Z",
            "name": "_dmarc.mail",
            "priority": null,
            "proxiable": false,
            "proxied": false,
            "tags": [],
            "timeouts": null,
            "ttl": 1,
            "type": "TXT",
            "value": "v=DMARC1; p=quarantine; ruf=mailto:postmaster@mail.mdemo.ovh",
            "zone_id": "c948940ea08d5bff1e664cf9dee108a1"
          },
          "sensitive_attributes": [],
          "private": "eyJlMmJmYjczMC1lY2FhLTExZTYtOGY4OC0zNDM2M2JjN2M0YzAiOnsiY3JlYXRlIjozMDAwMDAwMDAwMCwidXBkYXRlIjozMDAwMDAwMDAwMH0sInNjaGVtYV92ZXJzaW9uIjoiMiJ9",
          "dependencies": [
            "data.cloudflare_zone.mdemo"
          ]
        }
      ]
    },
    {
      "mode": "managed",
      "type": "cloudflare_record",
      "name": "demo_mail_spf",
      "provider": "provider[\"registry.terraform.io/cloudflare/cloudflare\"]",
      "instances": [
        {
          "schema_version": 2,
          "attributes": {
            "allow_overwrite": null,
            "comment": "",
            "created_on": "2023-07-16T20:26:01.364372Z",
            "data": [],
            "hostname": "mail.mdemo.ovh",
            "id": "f8423e9d501285d38adfd2363d5145dc",
            "metadata": {
              "auto_added": "false",
              "managed_by_apps": "false",
              "managed_by_argo_tunnel": "false",
              "source": "primary"
            },
            "modified_on": "2023-07-16T20:26:01.364372Z",
            "name": "mail",
            "priority": null,
            "proxiable": false,
            "proxied": false,
            "tags": [],
            "timeouts": null,
            "ttl": 1,
            "type": "TXT",
            "value": "v=spf1 mx ~all",
            "zone_id": "c948940ea08d5bff1e664cf9dee108a1"
          },
          "sensitive_attributes": [],
          "private": "eyJlMmJmYjczMC1lY2FhLTExZTYtOGY4OC0zNDM2M2JjN2M0YzAiOnsiY3JlYXRlIjozMDAwMDAwMDAwMCwidXBkYXRlIjozMDAwMDAwMDAwMH0sInNjaGVtYV92ZXJzaW9uIjoiMiJ9",
          "dependencies": [
            "data.cloudflare_zone.mdemo"
          ]
        }
      ]
    },
    {
      "mode": "managed",
      "type": "cloudflare_record",
      "name": "demo_mx",
      "provider": "provider[\"registry.terraform.io/cloudflare/cloudflare\"]",
      "instances": [
        {
          "schema_version": 2,
          "attributes": {
            "allow_overwrite": false,
            "comment": "",
            "created_on": "2023-07-19T14:52:23.826775Z",
            "data": [],
            "hostname": "mx1.mail.mdemo.ovh",
            "id": "d09d712098a6889e890302df36aca04c",
            "metadata": {
              "auto_added": "false",
              "managed_by_apps": "false",
              "managed_by_argo_tunnel": "false",
              "source": "primary"
            },
            "modified_on": "2023-07-19T14:52:23.826775Z",
            "name": "mx1.mail",
            "priority": null,
            "proxiable": true,
            "proxied": false,
            "tags": [],
            "timeouts": null,
            "ttl": 60,
            "type": "A",
            "value": "78.154.68.48",
            "zone_id": "c948940ea08d5bff1e664cf9dee108a1"
          },
          "sensitive_attributes": [],
          "private": "eyJlMmJmYjczMC1lY2FhLTExZTYtOGY4OC0zNDM2M2JjN2M0YzAiOnsiY3JlYXRlIjozMDAwMDAwMDAwMCwidXBkYXRlIjozMDAwMDAwMDAwMH0sInNjaGVtYV92ZXJzaW9uIjoiMiJ9",
          "dependencies": [
            "data.cloudflare_zone.mdemo"
          ]
        }
      ]
    },
    {
      "mode": "managed",
      "type": "cloudflare_record",
      "name": "mx_for_subdomain",
      "provider": "provider[\"registry.terraform.io/cloudflare/cloudflare\"]",
      "instances": [
        {
          "schema_version": 2,
          "attributes": {
            "allow_overwrite": false,
            "comment": "",
            "created_on": "2023-07-16T20:26:01.341701Z",
            "data": [],
            "hostname": "mail.mdemo.ovh",
            "id": "1dbb2cdc1e4181617286688a6d5f9453",
            "metadata": {
              "auto_added": "false",
              "managed_by_apps": "false",
              "managed_by_argo_tunnel": "false",
              "source": "primary"
            },
            "modified_on": "2023-07-19T15:14:54.537501Z",
            "name": "mail",
            "priority": 10,
            "proxiable": false,
            "proxied": false,
            "tags": [],
            "timeouts": null,
            "ttl": 60,
            "type": "MX",
            "value": "mx1.mail.mdemo.ovh",
            "zone_id": "c948940ea08d5bff1e664cf9dee108a1"
          },
          "sensitive_attributes": [],
          "private": "eyJlMmJmYjczMC1lY2FhLTExZTYtOGY4OC0zNDM2M2JjN2M0YzAiOnsiY3JlYXRlIjozMDAwMDAwMDAwMCwidXBkYXRlIjozMDAwMDAwMDAwMH0sInNjaGVtYV92ZXJzaW9uIjoiMiJ9",
          "dependencies": [
            "data.cloudflare_zone.mdemo"
          ]
        }
      ]
    },
    {
      "mode": "managed",
      "type": "ovh_domain_zone_record",
      "name": "alias",
      "provider": "provider[\"registry.terraform.io/ovh/ovh\"]",
      "instances": [
        {
          "index_key": "hosting",
          "schema_version": 0,
          "attributes": {
            "fieldtype": "CNAME",
            "id": "5241682485",
            "subdomain": "hosting",
            "target": "gienek.hostinghouse.pl.",
            "ttl": 0,
            "zone": "morawskim.pl"
          },
          "sensitive_attributes": [],
          "private": "eyJzY2hlbWFfdmVyc2lvbiI6IjAifQ=="
        },
        {
          "index_key": "jsonplaceholder",
          "schema_version": 0,
          "attributes": {
            "fieldtype": "CNAME",
            "id": "5278641010",
            "subdomain": "jsonplaceholder",
            "target": "noip.morawskim.pl.",
            "ttl": 0,
            "zone": "morawskim.pl"
          },
          "sensitive_attributes": [],
          "private": "bnVsbA=="
        },
        {
          "index_key": "kindle",
          "schema_version": 0,
          "attributes": {
            "fieldtype": "CNAME",
            "id": "5241453795",
            "subdomain": "kindle",
            "target": "noip.morawskim.pl.",
            "ttl": 0,
            "zone": "morawskim.pl"
          },
          "sensitive_attributes": [],
          "private": "eyJzY2hlbWFfdmVyc2lvbiI6IjAifQ=="
        },
        {
          "index_key": "nextcloud",
          "schema_version": 0,
          "attributes": {
            "fieldtype": "CNAME",
            "id": "5190269581",
            "subdomain": "nextcloud",
            "target": "noip.morawskim.pl.",
            "ttl": 0,
            "zone": "morawskim.pl"
          },
          "sensitive_attributes": [],
          "private": "eyJzY2hlbWFfdmVyc2lvbiI6IjAifQ=="
        },
        {
          "index_key": "noip",
          "schema_version": 0,
          "attributes": {
            "fieldtype": "CNAME",
            "id": "5062918452",
            "subdomain": "noip",
            "target": "morawskim.ddns.net.",
            "ttl": 0,
            "zone": "morawskim.pl"
          },
          "sensitive_attributes": [],
          "private": "eyJzY2hlbWFfdmVyc2lvbiI6IjAifQ=="
        },
        {
          "index_key": "ots",
          "schema_version": 0,
          "attributes": {
            "fieldtype": "CNAME",
            "id": "5189926305",
            "subdomain": "ots",
            "target": "noip.morawskim.pl.",
            "ttl": 0,
            "zone": "morawskim.pl"
          },
          "sensitive_attributes": [],
          "private": "eyJzY2hlbWFfdmVyc2lvbiI6IjAifQ=="
        },
        {
          "index_key": "print",
          "schema_version": 0,
          "attributes": {
            "fieldtype": "CNAME",
            "id": "5062918439",
            "subdomain": "print",
            "target": "intel.morawskim.pl.",
            "ttl": 0,
            "zone": "morawskim.pl"
          },
          "sensitive_attributes": [],
          "private": "eyJzY2hlbWFfdmVyc2lvbiI6IjAifQ=="
        },
        {
          "index_key": "ttrss",
          "schema_version": 0,
          "attributes": {
            "fieldtype": "CNAME",
            "id": "5062918436",
            "subdomain": "ttrss",
            "target": "noip.morawskim.pl.",
            "ttl": 0,
            "zone": "morawskim.pl"
          },
          "sensitive_attributes": [],
          "private": "eyJzY2hlbWFfdmVyc2lvbiI6IjAifQ=="
        },
        {
          "index_key": "webmail",
          "schema_version": 0,
          "attributes": {
            "fieldtype": "CNAME",
            "id": "5277175414",
            "subdomain": "webmail",
            "target": "noip.morawskim.pl.",
            "ttl": 0,
            "zone": "morawskim.pl"
          },
          "sensitive_attributes": [],
          "private": "bnVsbA=="
        }
      ]
    },
    {
      "mode": "managed",
      "type": "ovh_domain_zone_record",
      "name": "intel",
      "provider": "provider[\"registry.terraform.io/ovh/ovh\"]",
      "instances": [
        {
          "schema_version": 0,
          "attributes": {
            "fieldtype": "A",
            "id": "5062918393",
            "subdomain": "intel",
            "target": "192.168.50.50",
            "ttl": 60,
            "zone": "morawskim.pl"
          },
          "sensitive_attributes": [],
          "private": "eyJzY2hlbWFfdmVyc2lvbiI6IjAifQ=="
        }
      ]
    },
    {
      "mode": "managed",
      "type": "ovh_domain_zone_record",
      "name": "intel_sshfp_rsa_sha",
      "provider": "provider[\"registry.terraform.io/ovh/ovh\"]",
      "instances": [
        {
          "schema_version": 0,
          "attributes": {
            "fieldtype": "SSHFP",
            "id": "5292030899",
            "subdomain": "intel",
            "target": "1 1 a70a727f382864473c9a99b33b298e15ecd86e50",
            "ttl": 60,
            "zone": "morawskim.pl"
          },
          "sensitive_attributes": [],
          "private": "bnVsbA=="
        }
      ]
    },
    {
      "mode": "managed",
      "type": "ovh_domain_zone_record",
      "name": "intel_sshfp_rsa_sha256",
      "provider": "provider[\"registry.terraform.io/ovh/ovh\"]",
      "instances": [
        {
          "schema_version": 0,
          "attributes": {
            "fieldtype": "SSHFP",
            "id": "5292030900",
            "subdomain": "intel",
            "target": "1 2 992caff4bd348ebad5ed45cd874e9b1a508af09ad74039743cb24d8fca83c22f",
            "ttl": 60,
            "zone": "morawskim.pl"
          },
          "sensitive_attributes": [],
          "private": "bnVsbA=="
        }
      ]
    },
    {
      "mode": "managed",
      "type": "ovh_domain_zone_record",
      "name": "preview",
      "provider": "provider[\"registry.terraform.io/ovh/ovh\"]",
      "instances": [
        {
          "schema_version": 0,
          "attributes": {
            "fieldtype": "CNAME",
            "id": "5223031377",
            "subdomain": "*.preview",
            "target": "noip.morawskim.pl.",
            "ttl": 0,
            "zone": "morawskim.pl"
          },
          "sensitive_attributes": [],
          "private": "eyJzY2hlbWFfdmVyc2lvbiI6IjAifQ=="
        }
      ]
    },
    {
      "mode": "managed",
      "type": "ovh_domain_zone_record",
      "name": "rpm",
      "provider": "provider[\"registry.terraform.io/ovh/ovh\"]",
      "instances": [
        {
          "schema_version": 0,
          "attributes": {
            "fieldtype": "CNAME",
            "id": "5241682484",
            "subdomain": "rpm",
            "target": "gienek.hostinghouse.pl.",
            "ttl": 3600,
            "zone": "morawskim.pl"
          },
          "sensitive_attributes": [],
          "private": "eyJzY2hlbWFfdmVyc2lvbiI6IjAifQ=="
        }
      ]
    },
    {
      "mode": "managed",
      "type": "ovh_domain_zone_record",
      "name": "test",
      "provider": "provider[\"registry.terraform.io/ovh/ovh\"]",
      "instances": [
        {
          "schema_version": 0,
          "attributes": {
            "fieldtype": "A",
            "id": "5250757438",
            "subdomain": "test-tf",
            "target": "192.168.50.50",
            "ttl": 60,
            "zone": "morawskim.pl"
          },
          "sensitive_attributes": [],
          "private": "bnVsbA=="
        }
      ]
    }
  ],
  "check_results": null
}
