{
  "version": 4,
  "terraform_version": "1.12.6",
  "serial": 13,
  "lineage": "22f58b4a-b726-bc30-eff2-0728a08c0c90",
  "outputs": {
    "host_memory_gb": {
      "value": 7.653358459472656,
      "type": "number"
    }
  },
  "resources": [
    {
      "mode": "data",
      "type": "libvirt_node_info",
      "name": "host",
      "provider": "provider[\"registry.opentofu.org/dmacvicar/libvirt\"]",
      "instances": [
        {
          "schema_version": 0,
          "attributes": {
            "cpu_cores_per_socket": 2,
            "cpu_cores_total": 4,
            "cpu_model": "x86_64",
            "cpu_sockets": 1,
            "cpu_threads_per_core": 2,
            "id": "7575036458475293423",
            "memory_total_kb": 8025128,
            "numa_nodes": 1
          },
          "sensitive_attributes": []
        }
      ]
    },
    {
      "mode": "managed",
      "type": "libvirt_domain",
      "name": "openmedia",
      "provider": "provider[\"registry.opentofu.org/dmacvicar/libvirt\"]",
      "instances": [
        {
          "schema_version": 0,
          "attributes": {
            "autostart": true,
            "bhyve_commandline": null,
            "block_io_tune": null,
            "bootloader": null,
            "bootloader_args": null,
            "clock": null,
            "cpu": null,
            "cpu_tune": null,
            "create": null,
            "current_memory": null,
            "current_memory_unit": null,
            "default_io_thread": null,
            "description": null,
            "destroy": null,
            "devices": {
              "audios": null,
              "channels": null,
              "consoles": [
                {
                  "acpi": null,
                  "address": null,
                  "alias": null,
                  "log": null,
                  "protocol": null,
                  "source": null,
                  "target": null,
                  "tty": null
                }
              ],
              "controllers": null,
              "crypto": null,
              "disks": [
                {
                  "acpi": null,
                  "address": null,
                  "alias": null,
                  "auth": null,
                  "backend_domain": null,
                  "backing_store": null,
                  "block_io": null,
                  "boot": null,
                  "device": null,
                  "driver": {
                    "ats": null,
                    "cache": null,
                    "copy_on_read": null,
                    "detect_zeros": null,
                    "discard": null,
                    "discard_no_unref": null,
                    "error_policy": null,
                    "event_idx": null,
                    "io": null,
                    "io_event_fd": null,
                    "io_thread": null,
                    "io_threads": null,
                    "iommu": null,
                    "metadata_cache": null,
                    "name": null,
                    "packed": null,
                    "page_per_vq": null,
                    "queue_size": null,
                    "queues": null,
                    "rerror_policy": null,
                    "type": "qcow2"
                  },
                  "encryption": null,
                  "geometry": null,
                  "io_tune": null,
                  "mirror": null,
                  "model": null,
                  "product": null,
                  "raw_io": null,
                  "read_only": null,
                  "serial": null,
                  "sgio": null,
                  "shareable": null,
                  "snapshot": null,
                  "source": {
                    "block": null,
                    "cookies": null,
                    "data_store": null,
                    "dir": null,
                    "encryption": null,
                    "file": null,
                    "index": null,
                    "network": null,
                    "nvme": null,
                    "readahead": null,
                    "reservations": null,
                    "slices": null,
                    "ssl": null,
                    "startup_policy": null,
                    "timeout": null,
                    "vhost_user": null,
                    "vhost_vdpa": null,
                    "volume": {
                      "mode": null,
                      "pool": "storage",
                      "sec_label": null,
                      "volume": "vm1-disk.qcow2"
                    }
                  },
                  "target": {
                    "bus": "virtio",
                    "dev": "vda",
                    "removable": null,
                    "rotation_rate": null,
                    "tray": null
                  },
                  "throttle_filters": null,
                  "transient": null,
                  "vendor": null,
                  "wwn": null
                },
                {
                  "acpi": null,
                  "address": null,
                  "alias": null,
                  "auth": null,
                  "backend_domain": null,
                  "backing_store": null,
                  "block_io": null,
                  "boot": null,
                  "device": null,
                  "driver": {
                    "ats": null,
                    "cache": null,
                    "copy_on_read": null,
                    "detect_zeros": null,
                    "discard": null,
                    "discard_no_unref": null,
                    "error_policy": null,
                    "event_idx": null,
                    "io": null,
                    "io_event_fd": null,
                    "io_thread": null,
                    "io_threads": null,
                    "iommu": null,
                    "metadata_cache": null,
                    "name": null,
                    "packed": null,
                    "page_per_vq": null,
                    "queue_size": null,
                    "queues": null,
                    "rerror_policy": null,
                    "type": "qcow2"
                  },
                  "encryption": null,
                  "geometry": null,
                  "io_tune": null,
                  "mirror": null,
                  "model": null,
                  "product": null,
                  "raw_io": null,
                  "read_only": null,
                  "serial": null,
                  "sgio": null,
                  "shareable": null,
                  "snapshot": null,
                  "source": {
                    "block": null,
                    "cookies": null,
                    "data_store": null,
                    "dir": null,
                    "encryption": null,
                    "file": null,
                    "index": null,
                    "network": null,
                    "nvme": null,
                    "readahead": null,
                    "reservations": null,
                    "slices": null,
                    "ssl": null,
                    "startup_policy": null,
                    "timeout": null,
                    "vhost_user": null,
                    "vhost_vdpa": null,
                    "volume": {
                      "mode": null,
                      "pool": "storage",
                      "sec_label": null,
                      "volume": "openmediavault_data.qcow2"
                    }
                  },
                  "target": {
                    "bus": "virtio",
                    "dev": "vdb",
                    "removable": null,
                    "rotation_rate": null,
                    "tray": null
                  },
                  "throttle_filters": null,
                  "transient": null,
                  "vendor": null,
                  "wwn": null
                },
                {
                  "acpi": null,
                  "address": null,
                  "alias": null,
                  "auth": null,
                  "backend_domain": null,
                  "backing_store": null,
                  "block_io": null,
                  "boot": null,
                  "device": "cdrom",
                  "driver": null,
                  "encryption": null,
                  "geometry": null,
                  "io_tune": null,
                  "mirror": null,
                  "model": null,
                  "product": null,
                  "raw_io": null,
                  "read_only": null,
                  "serial": null,
                  "sgio": null,
                  "shareable": null,
                  "snapshot": null,
                  "source": {
                    "block": null,
                    "cookies": null,
                    "data_store": null,
                    "dir": null,
                    "encryption": null,
                    "file": null,
                    "index": null,
                    "network": null,
                    "nvme": null,
                    "readahead": null,
                    "reservations": null,
                    "slices": null,
                    "ssl": null,
                    "startup_policy": null,
                    "timeout": null,
                    "vhost_user": null,
                    "vhost_vdpa": null,
                    "volume": {
                      "mode": null,
                      "pool": "storage",
                      "sec_label": null,
                      "volume": "openmediavault8_3.iso"
                    }
                  },
                  "target": {
                    "bus": "sata",
                    "dev": "sda",
                    "removable": null,
                    "rotation_rate": null,
                    "tray": null
                  },
                  "throttle_filters": null,
                  "transient": null,
                  "vendor": null,
                  "wwn": null
                }
              ],
              "emulator": null,
              "filesystems": null,
              "graphics": [
                {
                  "audio": null,
                  "dbus": null,
                  "desktop": null,
                  "egl_headless": null,
                  "rdp": null,
                  "sdl": null,
                  "spice": null,
                  "vnc": {
                    "auto_port": true,
                    "connected": null,
                    "keymap": null,
                    "listen": "127.0.0.1",
                    "listeners": null,
                    "passwd": null,
                    "passwd_valid_to": null,
                    "port": null,
                    "power_control": null,
                    "share_policy": null,
                    "socket": null,
                    "web_socket": null
                  }
                }
              ],
              "hostdevs": null,
              "hubs": null,
              "inputs": null,
              "interfaces": [
                {
                  "acpi": null,
                  "address": null,
                  "alias": null,
                  "backend": null,
                  "backend_domain": null,
                  "bandwidth": null,
                  "boot": null,
                  "coalesce": null,
                  "down_script": null,
                  "driver": null,
                  "filter_ref": null,
                  "guest": null,
                  "ip": null,
                  "link": null,
                  "mac": null,
                  "managed": null,
                  "model": {
                    "type": "virtio"
                  },
                  "mtu": null,
                  "port_forward": null,
                  "port_options": null,
                  "rom": null,
                  "route": null,
                  "script": null,
                  "source": {
                    "bridge": null,
                    "client": null,
                    "direct": null,
                    "ethernet": null,
                    "hostdev": null,
                    "internal": null,
                    "mcast": null,
                    "network": {
                      "bridge": null,
                      "network": "bridge",
                      "port_group": null,
                      "port_id": null
                    },
                    "null": null,
                    "server": null,
                    "udp": null,
                    "user": null,
                    "vdpa": null,
                    "vds": null,
                    "vhost_user": null
                  },
                  "target": null,
                  "teaming": null,
                  "trust_guest_rx_filters": null,
                  "tune": null,
                  "virtual_port": null,
                  "vlan": null,
                  "wait_for_ip": null
                }
              ],
              "iommu": null,
              "leases": null,
              "mem_balloon": null,
              "memorydevs": null,
              "nvram": null,
              "panics": null,
              "parallels": null,
              "pstore": null,
              "redir_devs": null,
              "redir_filters": null,
              "rngs": null,
              "serials": null,
              "shmems": null,
              "smartcards": null,
              "sounds": null,
              "tpms": null,
              "videos": null,
              "vsock": null,
              "watchdogs": null
            },
            "features": null,
            "gen_id": null,
            "hwuuid": null,
            "id": 2,
            "id_map": null,
            "io_thread_i_ds": null,
            "io_threads": null,
            "key_wrap": null,
            "launch_security": null,
            "lxc_namespace": null,
            "maximum_memory": null,
            "maximum_memory_slots": null,
            "maximum_memory_unit": null,
            "memory": 1536,
            "memory_backing": null,
            "memory_dump_core": null,
            "memory_tune": null,
            "memory_unit": "MiB",
            "metadata": null,
            "name": "openmedia",
            "numa_tune": null,
            "on_crash": null,
            "on_poweroff": null,
            "on_reboot": null,
            "os": {
              "acpi": null,
              "bios": null,
              "boot_devices": [
                {
                  "dev": "hd"
                },
                {
                  "dev": "cdrom"
                }
              ],
              "boot_menu": null,
              "cmdline": null,
              "dtb": null,
              "firmware": null,
              "firmware_info": null,
              "init": null,
              "init_args": null,
              "init_dir": null,
              "init_env": null,
              "init_group": null,
              "init_user": null,
              "initrd": null,
              "kernel": null,
              "loader": null,
              "loader_format": null,
              "loader_readonly": null,
              "loader_secure": null,
              "loader_stateless": null,
              "loader_type": null,
              "nv_ram": null,
              "shim": null,
              "sm_bios": null,
              "type": "hvm",
              "type_arch": "x86_64",
              "type_machine": "q35"
            },
            "perf": null,
            "pm": null,
            "qemu_capabilities": null,
            "qemu_commandline": null,
            "qemu_deprecation": null,
            "qemu_override": null,
            "resource": null,
            "running": true,
            "sec_label": null,
            "sys_info": null,
            "throttle_groups": null,
            "title": null,
            "type": "kvm",
            "update": null,
            "uuid": "e19f57aa-a89b-4ad5-9080-945b78c9bb63",
            "vcpu": 1,
            "vcpu_cpuset": null,
            "vcpu_current": null,
            "vcpu_placement": null,
            "vcpus": null,
            "vmware_data_center_path": null,
            "xen_commandline": null
          },
          "sensitive_attributes": [],
          "dependencies": [
            "libvirt_volume.openmediavault_data",
            "libvirt_volume.openmediavault_disk"
          ]
        }
      ]
    },
    {
      "mode": "managed",
      "type": "libvirt_volume",
      "name": "openmediavault_data",
      "provider": "provider[\"registry.opentofu.org/dmacvicar/libvirt\"]",
      "instances": [
        {
          "schema_version": 0,
          "attributes": {
            "allocation": 200704,
            "allocation_unit": null,
            "backing_store": null,
            "capacity": 21474836480,
            "capacity_unit": null,
            "create": null,
            "id": "/var/lib/libvirt/storage/openmediavault_data.qcow2",
            "key": "/var/lib/libvirt/storage/openmediavault_data.qcow2",
            "name": "openmediavault_data.qcow2",
            "path": "/var/lib/libvirt/storage/openmediavault_data.qcow2",
            "physical": 196928,
            "physical_unit": null,
            "pool": "storage",
            "target": {
              "cluster_size": null,
              "cluster_size_unit": null,
              "compat": null,
              "encryption": null,
              "features": null,
              "format": {
                "type": "qcow2"
              },
              "path": "/var/lib/libvirt/storage/openmediavault_data.qcow2",
              "permissions": null,
              "timestamps": null
            },
            "type": null
          },
          "sensitive_attributes": []
        }
      ]
    },
    {
      "mode": "managed",
      "type": "libvirt_volume",
      "name": "openmediavault_disk",
      "provider": "provider[\"registry.opentofu.org/dmacvicar/libvirt\"]",
      "instances": [
        {
          "schema_version": 0,
          "attributes": {
            "allocation": 200704,
            "allocation_unit": null,
            "backing_store": null,
            "capacity": 21474836480,
            "capacity_unit": null,
            "create": null,
            "id": "/var/lib/libvirt/storage/vm1-disk.qcow2",
            "key": "/var/lib/libvirt/storage/vm1-disk.qcow2",
            "name": "vm1-disk.qcow2",
            "path": "/var/lib/libvirt/storage/vm1-disk.qcow2",
            "physical": 196928,
            "physical_unit": null,
            "pool": "storage",
            "target": {
              "cluster_size": null,
              "cluster_size_unit": null,
              "compat": null,
              "encryption": null,
              "features": null,
              "format": {
                "type": "qcow2"
              },
              "path": "/var/lib/libvirt/storage/vm1-disk.qcow2",
              "permissions": null,
              "timestamps": null
            },
            "type": null
          },
          "sensitive_attributes": []
        }
      ]
    }
  ],
  "check_results": null
}

